
Microsoft Visual Studio Solution File, Format Version 12.00
# Visual Studio Version 17
VisualStudioVersion = 17.5.002.0
MinimumVisualStudioVersion = 10.0.40219.1
Project("{9A19103F-16F7-4668-BE54-9A1E7A4F7556}") = "AnswerSphere", "AnswerSphere.csproj", "{7F878879-5186-436B-828C-800942C8D931}"
EndProject
Global
	GlobalSection(SolutionConfigurationPlatforms) = preSolution
		Debug|Any CPU = Debug|Any CPU
		Release|Any CPU = Release|Any CPU
	EndGlobalSection
	GlobalSection(ProjectConfigurationPlatforms) = postSolution
		{7F878879-5186-436B-828C-800942C8D931}.Debug|Any CPU.ActiveCfg = Debug|Any CPU
		{7F878879-5186-436B-828C-800942C8D931}.Debug|Any CPU.Build.0 = Debug|Any CPU
		{7F878879-5186-436B-828C-800942C8D931}.Release|Any CPU.ActiveCfg = Release|Any CPU
		{7F878879-5186-436B-828C-800942C8D931}.Release|Any CPU.Build.0 = Release|Any CPU
	EndGlobalSection
	GlobalSection(SolutionProperties) = preSolution
		HideSolutionNode = FALSE
	EndGlobalSection
	GlobalSection(ExtensibilityGlobals) = postSolution
		SolutionGuid = {154D57E9-8988-44BC-BF09-576D57D1D0FC}
	EndGlobalSection
EndGlobal
